#MicroXplorer Configuration settings - do not modify
RCC.USART1Freq_Value=72000000
SH.S_TIM1_CH4.0=TIM1_CH4,PWM Generation4 CH4
RCC.TIM17Freq_Value=72000000
ADC1.SamplingTime-4\#ChannelInjectedConversion=ADC_SAMPLETIME_112CYCLES
PE11.GPIOParameters=GPIO_Label
TIM1.IPParameters=Channel-PWM Generation1 CH1,Channel-PWM Generation2 CH2,Channel-PWM Generation4 CH4,Channel-PWM Generation3 CH3,TIM_MasterSlaveMode,TIM_MasterOutputTrigger,Prescaler,CounterMode,Period,RepetitionCounter
RCC.PLLCLKFreq_Value=100000000
PB14.GPIO_Label=LD3 [Red]
PA14.GPIO_Label=TCK
RCC.PLLQCLKFreq_Value=200000000
PD8.Locked=true
RCC.RTCFreq_Value=32000
PA3.GPIOParameters=GPIO_Label
PA6.GPIO_Label=PwmInputM2_Pin
SH.S_TIM1_CH1.ConfNb=1
PA2.GPIOParameters=GPIO_Label
PinOutPanel.RotationAngle=0
ADC1.Channel-8\#ChannelRegularConversion=ADC_CHANNEL_1
RCC.MCO1PinFreq_Value=16000000
RCC.SYSCLKSource=RCC_SYSCLKSOURCE_PLLCLK
ADC1.InjectedOffset-4\#ChannelInjectedConversion=0
SH.GPXTI13.0=GPIO_EXTI13
NVIC.SVCall_IRQn=true\:0\:0\:false\:false\:true\:true\:false
TIM2.IPParameters=Prescaler,ICFilter_1,ICFilter_2
RCC.APB2TimFreq_Value=100000000
Dma.ADC1.0.Direction=DMA_PERIPH_TO_MEMORY
ADC1.Channel-2\#ChannelRegularConversion=ADC_CHANNEL_0
ADC1.InjNumberOfConversion=4
VP_TIM2_VS_ClockSourceINT.Signal=TIM2_VS_ClockSourceINT
PD8.Signal=USART3_TX
Dma.ADC1.0.MemDataAlignment=DMA_MDATAALIGN_HALFWORD
RCC.USART3Freq_Value=36000000
ProjectManager.ProjectBuild=false
NVIC.UsageFault_IRQn=true\:0\:0\:false\:false\:true\:true\:false
PA8.Locked=true
RCC.DFSDM2Freq_Value=100000000
ProjectManager.FirmwarePackage=STM32Cube FW_F4 V1.26.1
MxDb.Version=DB.6.0.21
PB0.GPIOParameters=GPIO_Label
PA1.GPIOParameters=GPIO_Label
ProjectManager.BackupPrevious=false
TIM1.Channel-PWM\ Generation1\ CH1=TIM_CHANNEL_1
PE9.Signal=S_TIM1_CH1
SH.ADCx_IN1.ConfNb=1
Dma.ADC1.0.PeriphInc=DMA_PINC_DISABLE
NVIC.TIM2_IRQn=true\:0\:1\:false\:false\:true\:true\:true
PA8.Signal=USB_OTG_FS_SOF
RCC.PLLRCLKFreq_Value=200000000
SH.ADCx_IN4.ConfNb=1
NVIC.PendSV_IRQn=true\:0\:0\:false\:false\:true\:true\:false
RCC.PLLI2SoutputFreq_Value=48000000
ProjectManager.HalAssertFull=false
VP_TIM1_VS_ClockSourceINT.Mode=Internal
PA0.Signal=ADCx_IN0
RCC.TIM1Freq_Value=72000000
RCC.PLLMCOFreq_Value=72000000
RCC.MCO2PinFreq_Value=100000000
Mcu.Package=LQFP144
TIM2.Prescaler=1
RCC.TIM15Freq_Value=72000000
ADC1.Channel-4\#ChannelInjectedConversion=ADC_CHANNEL_2
ADC1.SamplingTime-5\#ChannelInjectedConversion=ADC_SAMPLETIME_112CYCLES
RCC.I2S2Freq_Value=192000000
RCC.SAI1AFreq_Value=8000000
RCC.ADC34outputFreq_Value=72000000
PA14.Locked=true
VP_SYS_VS_Systick.Signal=SYS_VS_Systick
USART3.IPParameters=VirtualMode
PA10.Signal=USB_OTG_FS_ID
RCC.DFSDMFreq_Value=100000000
PA5.GPIOParameters=GPIO_Label
PB14.GPIOParameters=GPIO_Label
RCC.APB1TimFreq_Value=100000000
NVIC.BusFault_IRQn=true\:0\:0\:false\:false\:true\:true\:false
Dma.ADC1.0.FIFOMode=DMA_FIFOMODE_DISABLE
TIM1.Period=12499
USB_OTG_FS.IPParameters=VirtualMode
RCC.PLLI2SQoutputFreq_Value=48000000
RCC.DFSDMAudioFreq_Value=192000000
RCC.LPTimerFreq_Value=50000000
PA4.GPIO_Label=AdcM3Current_Pin
ADC1.EOCSelection=ADC_EOC_SEQ_CONV
ProjectManager.CustomerFirmwarePackage=
PA6.GPIOParameters=GPIO_Label
RCC.PLLQoutputFreq_Value=200000000
ProjectManager.ProjectFileName=TESS.ioc
Dma.ADC1.0.Instance=DMA2_Stream0
RCC.ADC12outputFreq_Value=72000000
ADC1.SamplingTime-6\#ChannelInjectedConversion=ADC_SAMPLETIME_3CYCLES
PD9.GPIO_Label=STLK_TX [STM32F103CBT6_PA2]
PA15.GPIOParameters=GPIO_Label
Mcu.PinsNb=36
ADC1.IPParameters=Rank-2\#ChannelRegularConversion,master,Channel-2\#ChannelRegularConversion,SamplingTime-2\#ChannelRegularConversion,NbrOfConversionFlag,NbrOfConversion,EOCSelection,DiscontinuousConvMode,ContinuousConvMode,InjectedRank-4\#ChannelInjectedConversion,Channel-4\#ChannelInjectedConversion,SamplingTime-4\#ChannelInjectedConversion,InjectedOffset-4\#ChannelInjectedConversion,InjectedRank-5\#ChannelInjectedConversion,Channel-5\#ChannelInjectedConversion,SamplingTime-5\#ChannelInjectedConversion,InjectedOffset-5\#ChannelInjectedConversion,InjectedRank-6\#ChannelInjectedConversion,Channel-6\#ChannelInjectedConversion,SamplingTime-6\#ChannelInjectedConversion,InjectedOffset-6\#ChannelInjectedConversion,InjNumberOfConversion,InjectedRank-7\#ChannelInjectedConversion,Channel-7\#ChannelInjectedConversion,SamplingTime-7\#ChannelInjectedConversion,InjectedOffset-7\#ChannelInjectedConversion,ExternalTrigInjecConv,Rank-8\#ChannelRegularConversion,Channel-8\#ChannelRegularConversion,SamplingTime-8\#ChannelRegularConversion,DMAContinuousRequests
PC13.Locked=true
TIM1.CounterMode=TIM_COUNTERMODE_CENTERALIGNED2
PA9.GPIO_Label=USB_VBUS
PC13.Signal=GPXTI13
PH1\ -\ OSC_OUT.Mode=HSE-External-Clock-Source
ADC1.Channel-5\#ChannelInjectedConversion=ADC_CHANNEL_3
PA11.GPIO_Label=USB_DM
PB14.Locked=true
RCC.APB1CLKDivider=RCC_HCLK_DIV2
PC14-OSC32_IN.Signal=RCC_OSC32_IN
SH.S_TIM2_CH1_ETR.ConfNb=1
ADC1.InjectedRank-7\#ChannelInjectedConversion=4
RCC.WatchDogFreq_Value=32000
PA11.Locked=true
PA8.GPIO_Label=USB_SOF [TP1]
PC15-OSC32_OUT.Locked=true
ADC1.InjectedOffset-5\#ChannelInjectedConversion=0
Dma.ADC1.0.Priority=DMA_PRIORITY_MEDIUM
PA9.Signal=USB_OTG_FS_VBUS
VP_TIM1_VS_ClockSourceINT.Signal=TIM1_VS_ClockSourceINT
TIM1.Channel-PWM\ Generation2\ CH2=TIM_CHANNEL_2
RCC.VCOInputMFreq_Value=500000
PE9.GPIO_Label=PwmOutput1M1_Pin
PD8.Mode=Asynchronous
PB14.Signal=GPIO_Output
RCC.USBCLockSelection=RCC_CLK48CLKSOURCE_PLLI2SQ
PA5.Signal=ADCx_IN5
PE13.GPIOParameters=GPIO_Label
PH1\ -\ OSC_OUT.Signal=RCC_OSC_OUT
ProjectManager.LastFirmware=true
TIM1.TIM_MasterOutputTrigger=TIM_TRGO_UPDATE
PE14.Signal=S_TIM1_CH4
RCC.PRESCALERUSB=RCC_USBCLKSOURCE_PLL_DIV1_5
Mcu.Pin35=VP_TIM3_VS_ClockSourceINT
RCC.I2C1Freq_Value=8000000
RCC.PLLI2SPCLKFreq_Value=48000000
SH.ADCx_IN0.ConfNb=1
PG7.GPIO_Label=USB_OverCurrent [STMPS2151STR_FAULT]
RCC.RNGFreq_Value=48000000
Mcu.Pin30=PB3
PA1.GPIO_Label=AdcDcLink2_Pin
RCC.EthernetFreq_Value=8000000
Mcu.Pin33=VP_TIM1_VS_ClockSourceINT
TIM3.IPParameters=Prescaler
Mcu.Pin34=VP_TIM2_VS_ClockSourceINT
Mcu.Pin31=PB7
SH.ADCx_IN4.0=ADC1_IN4,IN4
Mcu.Pin32=VP_SYS_VS_Systick
PA9.Locked=true
NVIC.NonMaskableInt_IRQn=true\:0\:0\:false\:false\:true\:true\:false
ADC1.DMAContinuousRequests=DISABLE
PA13.Mode=Serial_Wire
ProjectManager.FreePins=false
ADC1.InjectedRank-5\#ChannelInjectedConversion=2
RCC.PLLI2SQCLKFreq_Value=48000000
Mcu.Pin26=PA12
Mcu.Pin27=PA13
RCC.RTCHSEDivFreq_Value=4000000
Mcu.Pin24=PA10
ProjectManager.UnderRoot=true
Mcu.Pin25=PA11
Mcu.Pin28=PA14
Mcu.Pin29=PA15
PA4.Signal=ADCx_IN4
Mcu.Pin22=PA8
Mcu.Pin23=PA9
Mcu.Pin20=PG6
ADC1.master=1
PE13.GPIO_Label=PwmOutput1M2_Pin
Mcu.Pin21=PG7
PA5.GPIO_Label=AdcM4Current_Pin
PA10.Locked=true
NVIC.ForceEnableDMAVector=true
PA14.GPIOParameters=GPIO_Label
NVIC.MemoryManagement_IRQn=true\:0\:0\:false\:false\:true\:true\:false
ProjectManager.CompilerOptimize=6
PA11.Signal=USB_OTG_FS_DM
SH.S_TIM2_CH1_ETR.0=TIM2_CH1,PWM_Input_1
ProjectManager.HeapSize=0x400
PA0.GPIOParameters=GPIO_Label
Mcu.Pin15=PE13
NVIC.HardFault_IRQn=true\:0\:0\:false\:false\:true\:true\:false
Mcu.Pin16=PE14
Mcu.Pin13=PE9
Mcu.Pin14=PE11
Mcu.Pin19=PD9
SH.S_TIM3_CH1.ConfNb=1
ProjectManager.ComputerToolchain=false
Mcu.Pin17=PB14
Mcu.Pin18=PD8
RCC.TIM3Freq_Value=72000000
SH.ADCx_IN5.0=ADC1_IN5,IN5
NVIC.PriorityGroup=NVIC_PRIORITYGROUP_2
Mcu.Pin11=PA6
Mcu.Pin12=PB0
Mcu.Pin10=PA5
RCC.PWRFreq_Value=100000000
SH.ADCx_IN5.ConfNb=1
TIM1.Channel-PWM\ Generation3\ CH3=TIM_CHANNEL_3
RCC.I2C2Freq_Value=8000000
PB0.Signal=GPIO_Output
SH.S_TIM1_CH4.ConfNb=1
PG7.GPIOParameters=GPIO_Label
Mcu.Family=STM32F4
NVIC.USART3_IRQn=true\:1\:0\:true\:false\:true\:true\:true
ProjectManager.MainLocation=Core/Src
RCC.MCOFreq_Value=72000000
ADC1.Channel-7\#ChannelInjectedConversion=ADC_CHANNEL_5
RCC.CortexFreq_Value=100000000
PG6.Signal=GPIO_Output
ProjectManager.KeepUserCode=true
Mcu.UserName=STM32F413ZHTx
PD9.GPIOParameters=GPIO_Label
ADC1.ContinuousConvMode=ENABLE
TIM1.RepetitionCounter=1
PE11.GPIO_Label=PwmOutput2M1_Pin
SH.ADCx_IN2.0=ADC1_IN2,IN2
PG6.Locked=true
RCC.SYSCLKSourceVirtual=RCC_SYSCLKSOURCE_PLLCLK
PA0.GPIO_Label=AdcDcLink1_Pin
PA12.GPIOParameters=GPIO_Label
ProjectManager.functionlistsort=1-MX_GPIO_Init-GPIO-false-HAL-true,2-MX_DMA_Init-DMA-false-HAL-true,3-SystemClock_Config-RCC-false-HAL-false,4-MX_USART3_UART_Init-USART3-false-HAL-true,5-MX_USB_OTG_FS_PCD_Init-USB_OTG_FS-false-HAL-true,6-MX_TIM1_Init-TIM1-false-HAL-true,7-MX_TIM2_Init-TIM2-false-HAL-true,8-MX_ADC1_Init-ADC1-false-HAL-true,9-MX_TIM3_Init-TIM3-false-HAL-true
PA9.GPIOParameters=GPIO_Label
PA11.GPIOParameters=GPIO_Label
PA11.Mode=Device_Only
PB0.GPIO_Label=LD1 [Green]
RCC.PLLI2SRCLKFreq_Value=192000000
RCC.USART2Freq_Value=36000000
ADC1.InjectedOffset-7\#ChannelInjectedConversion=0
SH.S_TIM1_CH3.ConfNb=1
PC13.GPIO_Label=USER_Btn [B1]
ADC1.InjectedRank-6\#ChannelInjectedConversion=3
PD9.Mode=Asynchronous
ProjectManager.StackSize=0x800
RCC.I2C3Freq_Value=8000000
Mcu.IP4=SYS
RCC.FCLKCortexFreq_Value=100000000
Mcu.IP5=TIM1
Mcu.IP2=NVIC
NVIC.ADC_IRQn=true\:0\:0\:false\:false\:true\:true\:true
Mcu.IP3=RCC
PA15.GPIO_Label=PwmInputM1_Pin
Mcu.IP0=ADC1
PA12.Locked=true
Mcu.IP1=DMA
PA12.Signal=USB_OTG_FS_DP
TIM1.Prescaler=1
Mcu.UserConstants=
PH0\ -\ OSC_IN.Signal=RCC_OSC_IN
SH.GPXTI13.ConfNb=1
PH0\ -\ OSC_IN.Locked=true
Mcu.ThirdPartyNb=0
TIM1.Channel-PWM\ Generation4\ CH4=TIM_CHANNEL_4
RCC.SDIOFreq_Value=48000000
RCC.HCLKFreq_Value=100000000
SH.ADCx_IN3.0=ADC1_IN3,IN3
RCC.I2SClocksFreq_Value=48000000
Mcu.IPNb=10
ProjectManager.PreviousToolchain=
RCC.VcooutputI2S=48000000
ADC1.SamplingTime-7\#ChannelInjectedConversion=ADC_SAMPLETIME_3CYCLES
RCC.SAI1BFreq_Value=8000000
RCC.PLLRoutputFreq_Value=200000000
SH.ADCx_IN3.ConfNb=1
PD8.GPIOParameters=GPIO_Label
PA8.GPIOParameters=GPIO_Label
Mcu.Pin6=PA1
Mcu.Pin7=PA2
NVIC.DMA2_Stream0_IRQn=true\:0\:0\:false\:false\:true\:false\:true
Mcu.Pin8=PA3
Mcu.Pin9=PA4
RCC.AHBFreq_Value=100000000
RCC.TIM2Freq_Value=72000000
Mcu.Pin0=PC13
Mcu.Pin1=PC14-OSC32_IN
GPIO.groupedBy=Group By Peripherals
Mcu.Pin2=PC15-OSC32_OUT
Mcu.Pin3=PH0 - OSC_IN
Mcu.Pin4=PH1 - OSC_OUT
Mcu.Pin5=PA0
ADC1.ExternalTrigInjecConv=ADC_EXTERNALTRIGINJECCONV_T1_TRGO
RCC.HSE_VALUE=8000000
NVIC.DebugMonitor_IRQn=true\:0\:0\:false\:false\:true\:true\:false
NVIC.SysTick_IRQn=true\:0\:0\:false\:false\:true\:true\:true
RCC.PLLMUL=RCC_PLL_MUL9
ADC1.Rank-2\#ChannelRegularConversion=1
PE13.Signal=S_TIM1_CH3
PC14-OSC32_IN.Mode=LSE-External-Oscillator
RCC.VCOInputFreq_Value=1000000
PA14.Mode=Serial_Wire
TIM3.Prescaler=1
File.Version=6
PA10.GPIO_Label=USB_ID
ADC1.Channel-6\#ChannelInjectedConversion=ADC_CHANNEL_4
PB3.GPIOParameters=GPIO_Label
PB7.Signal=GPIO_Output
ADC1.InjectedOffset-6\#ChannelInjectedConversion=0
SH.ADCx_IN0.0=ADC1_IN0,IN0
SH.S_TIM3_CH1.0=TIM3_CH1,PWM_Input_1
Dma.RequestsNb=1
PB0.Locked=true
ProjectManager.ProjectName=TESS
PH0\ -\ OSC_IN.GPIOParameters=GPIO_Label
PA13.GPIOParameters=GPIO_Label
PB7.GPIO_Label=LD2 [Blue]
PA6.Signal=S_TIM3_CH1
ProjectManager.ToolChainLocation=
PA2.GPIO_Label=AdcM1Current_Pin
RCC.LSI_VALUE=32000
USB_OTG_FS.VirtualMode=Device_Only
PA15.Signal=S_TIM2_CH1_ETR
RCC.TIM16Freq_Value=72000000
SH.ADCx_IN1.0=ADC1_IN1,IN1
RCC.DFSDM2AudioFreq_Value=192000000
Dma.Request0=ADC1
ADC1.SamplingTime-8\#ChannelRegularConversion=ADC_SAMPLETIME_3CYCLES
VP_TIM3_VS_ClockSourceINT.Mode=Internal
PC14-OSC32_IN.Locked=true
PB3.Locked=true
PA3.Signal=ADCx_IN3
PB3.GPIO_Label=SWO
RCC.PLLSourceVirtual=RCC_PLLSOURCE_HSE
PC15-OSC32_OUT.Mode=LSE-External-Oscillator
PG7.Locked=true
PG7.Signal=GPIO_Input
PE14.GPIOParameters=GPIO_Label
ProjectManager.NoMain=false
ADC1.InjectedRank-4\#ChannelInjectedConversion=1
ADC1.Rank-8\#ChannelRegularConversion=2
RCC.FMPI2C1Freq_Value=50000000
RCC.VCOI2SInputFreq_Value=1000000
ADC1.DiscontinuousConvMode=DISABLE
ProjectManager.DefaultFWLocation=true
PE14.GPIO_Label=PwmOutput2M2_Pin
PD9.Signal=USART3_RX
TIM2.ICFilter_2=13
TIM2.ICFilter_1=13
ProjectManager.DeletePrevious=true
boardIOC=true
PA12.GPIO_Label=USB_DP
ADC1.SamplingTime-2\#ChannelRegularConversion=ADC_SAMPLETIME_3CYCLES
RCC.FamilyName=M
PE9.GPIOParameters=GPIO_Label
PD8.GPIO_Label=STLK_RX [STM32F103CBT6_PA3]
PA13.Signal=SYS_JTMS-SWDIO
Dma.ADC1.0.PeriphDataAlignment=DMA_PDATAALIGN_HALFWORD
PA9.Mode=Activate_VBUS
PH0\ -\ OSC_IN.Mode=HSE-External-Clock-Source
SH.S_TIM1_CH1.0=TIM1_CH1,PWM Generation1 CH1
ProjectManager.TargetToolchain=STM32CubeIDE
Dma.ADC1.0.Mode=DMA_NORMAL
PB7.GPIOParameters=GPIO_Label
RCC.I2S1Freq_Value=192000000
ProjectManager.RegisterCallBack=
RCC.USBFreq_Value=48000000
VP_TIM3_VS_ClockSourceINT.Signal=TIM3_VS_ClockSourceINT
PE11.Signal=S_TIM1_CH2
PC15-OSC32_OUT.Signal=RCC_OSC32_OUT
PA1.Signal=ADCx_IN1
SH.S_TIM1_CH2.ConfNb=1
RCC.VCOI2SOutputFreq_Value=384000000
board=NUCLEO-F413ZH
RCC.VCOOutputFreq_Value=400000000
RCC.VCOOutput2Freq_Value=8000000
Dma.ADC1.0.RequestParameters=Instance,Direction,PeriphInc,MemInc,PeriphDataAlignment,MemDataAlignment,Mode,Priority,FIFOMode
RCC.APB2Freq_Value=100000000
RCC.TIM8Freq_Value=72000000
RCC.UART4Freq_Value=36000000
MxCube.Version=6.2.1
VP_TIM2_VS_ClockSourceINT.Mode=Internal
SH.S_TIM1_CH2.0=TIM1_CH2,PWM Generation2 CH2
PC13.GPIOParameters=GPIO_Label
SH.ADCx_IN2.ConfNb=1
VP_SYS_VS_Systick.Mode=SysTick
PA10.GPIOParameters=GPIO_Label
PA4.GPIOParameters=GPIO_Label
RCC.UART5Freq_Value=36000000
ADC1.NbrOfConversion=2
RCC.IPParameters=48MHZClocksFreq_Value,ADC12outputFreq_Value,ADC34outputFreq_Value,AHBFreq_Value,APB1CLKDivider,APB1Freq_Value,APB1TimFreq_Value,APB2Freq_Value,APB2TimFreq_Value,CortexFreq_Value,DFSDM2AudioFreq_Value,DFSDM2Freq_Value,DFSDMAudioFreq_Value,DFSDMFreq_Value,EthernetFreq_Value,FCLKCortexFreq_Value,FMPI2C1Freq_Value,FamilyName,HCLKFreq_Value,HSE_VALUE,HSI_VALUE,I2C1Freq_Value,I2C2Freq_Value,I2C3Freq_Value,I2S1Freq_Value,I2S2Freq_Value,I2SClocksFreq_Value,LPTimerFreq_Value,LSI_VALUE,MCO1PinFreq_Value,MCO2PinFreq_Value,MCOFreq_Value,PLLCLKFreq_Value,PLLI2SM,PLLI2SN,PLLI2SPCLKFreq_Value,PLLI2SQ,PLLI2SQCLKFreq_Value,PLLI2SQoutputFreq_Value,PLLI2SRCLKFreq_Value,PLLI2SoutputFreq_Value,PLLM,PLLMCOFreq_Value,PLLMUL,PLLN,PLLP,PLLQCLKFreq_Value,PLLQoutputFreq_Value,PLLRCLKFreq_Value,PLLRoutputFreq_Value,PLLSourceVirtual,PRESCALERUSB,PWRFreq_Value,RNGFreq_Value,RTCFreq_Value,RTCHSEDivFreq_Value,SAI1AFreq_Value,SAI1BFreq_Value,SDIOFreq_Value,SYSCLKFreq_VALUE,SYSCLKSource,SYSCLKSourceVirtual,TIM15Freq_Value,TIM16Freq_Value,TIM17Freq_Value,TIM1Freq_Value,TIM20Freq_Value,TIM2Freq_Value,TIM3Freq_Value,TIM8Freq_Value,UART4Freq_Value,UART5Freq_Value,USART1Freq_Value,USART2Freq_Value,USART3Freq_Value,USBCLockSelection,USBFreq_Value,VCOI2SInputFreq_Value,VCOI2SOutputFreq_Value,VCOInputFreq_Value,VCOInputMFreq_Value,VCOOutput2Freq_Value,VCOOutputFreq_Value,VcooutputI2S,WatchDogFreq_Value
ProjectManager.AskForMigrate=true
Mcu.Name=STM32F413Z(G-H)Tx
PA2.Signal=ADCx_IN2
PA13.GPIO_Label=TMS
Mcu.IP8=USART3
Mcu.IP9=USB_OTG_FS
Mcu.IP6=TIM2
Mcu.IP7=TIM3
ProjectManager.CoupleFile=false
RCC.48MHZClocksFreq_Value=24000000
PB3.Signal=SYS_JTDO-SWO
RCC.SYSCLKFreq_VALUE=100000000
PA12.Mode=Device_Only
KeepUserPlacement=false
USART3.VirtualMode=VM_ASYNC
PA13.Locked=true
PA14.Signal=SYS_JTCK-SWCLK
Dma.ADC1.0.MemInc=DMA_MINC_ENABLE
SH.S_TIM1_CH3.0=TIM1_CH3,PWM Generation3 CH3
RCC.TIM20Freq_Value=72000000
RCC.HSI_VALUE=16000000
RCC.PLLP=RCC_PLLP_DIV4
ADC1.NbrOfConversionFlag=1
RCC.PLLM=8
RCC.PLLN=400
PB7.Locked=true
PH0\ -\ OSC_IN.GPIO_Label=MCO
PD9.Locked=true
RCC.APB1Freq_Value=50000000
RCC.PLLI2SN=384
ProjectManager.DeviceId=STM32F413ZHTx
RCC.PLLI2SQ=8
ProjectManager.LibraryCopy=1
TIM1.TIM_MasterSlaveMode=TIM_MASTERSLAVEMODE_ENABLE
PA3.GPIO_Label=AdcM2Current_Pin
RCC.PLLI2SM=8
isbadioc=false
